
Microsoft Visual Studio Solution File, Format Version 12.00
# Visual Studio Version 16
VisualStudioVersion = 16.0.29709.97
MinimumVisualStudioVersion = 10.0.40219.1
Project("{FAE04EC0-301F-11D3-BF4B-00C04F79EFBC}") = "WindNetEF", "WindNetEF\WindNetEF.csproj", "{DC67E732-11DD-49BF-AF0C-02E901301A1F}"
EndProject
Project("{2150E333-8FDC-42A3-9474-1A3956D46DE8}") = "Solution Items", "Solution Items", "{285FE4D3-D84D-4F05-9047-A2514B4E7812}"
	ProjectSection(SolutionItems) = preProject
		Notes.txt = Notes.txt
	EndProjectSection
EndProject
Global
	GlobalSection(SolutionConfigurationPlatforms) = preSolution
		Debug|Any CPU = Debug|Any CPU
		Release|Any CPU = Release|Any CPU
	EndGlobalSection
	GlobalSection(ProjectConfigurationPlatforms) = postSolution
		{DC67E732-11DD-49BF-AF0C-02E901301A1F}.Debug|Any CPU.ActiveCfg = Debug|Any CPU
		{DC67E732-11DD-49BF-AF0C-02E901301A1F}.Debug|Any CPU.Build.0 = Debug|Any CPU
		{DC67E732-11DD-49BF-AF0C-02E901301A1F}.Release|Any CPU.ActiveCfg = Release|Any CPU
		{DC67E732-11DD-49BF-AF0C-02E901301A1F}.Release|Any CPU.Build.0 = Release|Any CPU
	EndGlobalSection
	GlobalSection(SolutionProperties) = preSolution
		HideSolutionNode = FALSE
	EndGlobalSection
	GlobalSection(ExtensibilityGlobals) = postSolution
		SolutionGuid = {9AE0EAEE-D764-465F-860A-800C782E106A}
	EndGlobalSection
EndGlobal
